{
  "name": "mozaik-ext-json",
  "version": "0.0.12",
  "lockfileVersion": 1,
  "requires": true,
  "dependencies": {
    "@mozaik/ui": {
      "version": "2.0.0-alpha.15",
      "resolved": "https://registry.npmjs.org/@mozaik/ui/-/ui-2.0.0-alpha.15.tgz",
      "integrity": "sha1-S3Nuf755+J0JO+MOzVACkvm+kU0=",
      "dev": true,
      "requires": {
        "immutable": "3.8.2",
        "lodash": "4.17.5",
        "lodash-es": "4.17.8",
        "prop-types": "15.6.1",
        "react-icons": "2.2.7",
        "react-redux": "5.0.7",
        "react-svg-buttons": "0.4.0",
        "redux": "3.7.2",
        "redux-thunk": "2.2.0",
        "socket.io-client": "2.1.0",
        "styled-components": "2.4.0"
      }
    },
    "after": {
      "version": "0.8.2",
      "resolved": "http://sinopia/after/-/after-0.8.2.tgz",
      "integrity": "sha1-/ts5T58OAqqXaOcCvaI7UF+ufh8=",
      "dev": true
    },
    "ansi-regex": {
      "version": "0.2.1",
      "resolved": "http://sinopia/ansi-regex/-/ansi-regex-0.2.1.tgz",
      "integrity": "sha1-DY6UaWej2BQ/k+JOKYUl/BsiNfk="
    },
    "ansi-styles": {
      "version": "1.1.0",
      "resolved": "http://sinopia/ansi-styles/-/ansi-styles-1.1.0.tgz",
      "integrity": "sha1-6uy/Zs1waIJ2Cy9GkVgrj1XXp94="
    },
    "arraybuffer.slice": {
      "version": "0.0.7",
      "resolved": "http://sinopia/arraybuffer.slice/-/arraybuffer.slice-0.0.7.tgz",
      "integrity": "sha512-wGUIVQXuehL5TCqQun8OW81jGzAWycqzFF8lFp+GOM5BXLYj3bKNsYC4daB7n6XjCqxQA/qgTJ+8ANR3acjrog==",
      "dev": true
    },
    "asap": {
      "version": "2.0.6",
      "resolved": "http://sinopia/asap/-/asap-2.0.6.tgz",
      "integrity": "sha1-5QNHYR1+aQlDIIu9r+vLwvuGbUY=",
      "dev": true
    },
    "async": {
      "version": "1.5.2",
      "resolved": "http://sinopia/async/-/async-1.5.2.tgz",
      "integrity": "sha1-7GphrlZIDAw8skHJVhjiCJL5Zyo="
    },
    "async-limiter": {
      "version": "1.0.0",
      "resolved": "http://sinopia/async-limiter/-/async-limiter-1.0.0.tgz",
      "integrity": "sha512-jp/uFnooOiO+L211eZOoSyzpOITMXx1rBITauYykG3BRYPu8h0UcxsPNB04RR5vo4Tyz3+ay17tR6JVf9qzYWg==",
      "dev": true
    },
    "asynckit": {
      "version": "0.4.0",
      "resolved": "http://sinopia/asynckit/-/asynckit-0.4.0.tgz",
      "integrity": "sha1-x57Zf380y48robyXkLzDZkdLS3k="
    },
    "backo2": {
      "version": "1.0.2",
      "resolved": "http://sinopia/backo2/-/backo2-1.0.2.tgz",
      "integrity": "sha1-MasayLEpNjRj41s+u2n038+6eUc=",
      "dev": true
    },
    "base64-arraybuffer": {
      "version": "0.1.5",
      "resolved": "http://sinopia/base64-arraybuffer/-/base64-arraybuffer-0.1.5.tgz",
      "integrity": "sha1-c5JncZI7Whl0etZmqlzUv5xunOg=",
      "dev": true
    },
    "base64-js": {
      "version": "1.2.3",
      "resolved": "http://sinopia/base64-js/-/base64-js-1.2.3.tgz",
      "integrity": "sha512-MsAhsUW1GxCdgYSO6tAfZrNapmUKk7mWx/k5mFY/A1gBtkaCaNapTg+FExCw1r9yeaZhqx/xPg43xgTFH6KL5w==",
      "dev": true
    },
    "better-assert": {
      "version": "1.0.2",
      "resolved": "http://sinopia/better-assert/-/better-assert-1.0.2.tgz",
      "integrity": "sha1-QIZrnhueC1W0gYlDEeaPr/rrxSI=",
      "dev": true,
      "requires": {
        "callsite": "1.0.0"
      }
    },
    "blob": {
      "version": "0.0.4",
      "resolved": "http://sinopia/blob/-/blob-0.0.4.tgz",
      "integrity": "sha1-vPEwUspURj8w+fx+lbmkdjCpSSE=",
      "dev": true
    },
    "bluebird": {
      "version": "3.5.1",
      "resolved": "http://sinopia/bluebird/-/bluebird-3.5.1.tgz",
      "integrity": "sha512-MKiLiV+I1AA596t9w1sQJ8jkiSr5+ZKi0WKrYGUn6d1Fx+Ij4tIj+m2WMQSGczs5jZVxV339chE8iwk6F64wjA=="
    },
    "buffer": {
      "version": "5.1.0",
      "resolved": "http://sinopia/buffer/-/buffer-5.1.0.tgz",
      "integrity": "sha512-YkIRgwsZwJWTnyQrsBTWefizHh+8GYj3kbL1BTiAQ/9pwpino0G7B2gp5tx/FUBqUlvtxV85KNR3mwfAtv15Yw==",
      "dev": true,
      "requires": {
        "base64-js": "1.2.3",
        "ieee754": "1.1.11"
      }
    },
    "cache-manager": {
      "version": "2.9.0",
      "resolved": "http://sinopia/cache-manager/-/cache-manager-2.9.0.tgz",
      "integrity": "sha1-Xh9jF8oaJeQN3zZacWJ1evFSNT4=",
      "requires": {
        "async": "1.5.2",
        "lru-cache": "4.0.0"
      }
    },
    "callsite": {
      "version": "1.0.0",
      "resolved": "http://sinopia/callsite/-/callsite-1.0.0.tgz",
      "integrity": "sha1-KAOY5dZkvXQDi28JBRU+borxvCA=",
      "dev": true
    },
    "chalk": {
      "version": "0.5.1",
      "resolved": "http://sinopia/chalk/-/chalk-0.5.1.tgz",
      "integrity": "sha1-Zjs6ZItotV0EaQ1JFnqoN4WPIXQ=",
      "requires": {
        "ansi-styles": "1.1.0",
        "escape-string-regexp": "1.0.5",
        "has-ansi": "0.1.0",
        "strip-ansi": "0.3.0",
        "supports-color": "0.2.0"
      }
    },
    "combined-stream": {
      "version": "1.0.6",
      "resolved": "http://sinopia/combined-stream/-/combined-stream-1.0.6.tgz",
      "integrity": "sha1-cj599ugBrFYTETp+RFqbactjKBg=",
      "requires": {
        "delayed-stream": "1.0.0"
      }
    },
    "component-bind": {
      "version": "1.0.0",
      "resolved": "http://sinopia/component-bind/-/component-bind-1.0.0.tgz",
      "integrity": "sha1-AMYIq33Nk4l8AAllGx06jh5zu9E=",
      "dev": true
    },
    "component-emitter": {
      "version": "1.2.1",
      "resolved": "http://sinopia/component-emitter/-/component-emitter-1.2.1.tgz",
      "integrity": "sha1-E3kY1teCg/ffemt8WmPhQOaUJeY="
    },
    "component-inherit": {
      "version": "0.0.3",
      "resolved": "http://sinopia/component-inherit/-/component-inherit-0.0.3.tgz",
      "integrity": "sha1-ZF/ErfWLcrZJ1crmUTVhnbJv8UM=",
      "dev": true
    },
    "convict": {
      "version": "1.5.0",
      "resolved": "http://sinopia/convict/-/convict-1.5.0.tgz",
      "integrity": "sha1-KLCaRDstTw2a2e/1ainKywsofew=",
      "requires": {
        "depd": "1.1.0",
        "json5": "0.5.0",
        "lodash": "4.16.2",
        "minimist": "1.2.0",
        "moment": "2.12.0",
        "validator": "4.6.1",
        "varify": "0.1.1"
      },
      "dependencies": {
        "depd": {
          "version": "1.1.0",
          "resolved": "http://sinopia/depd/-/depd-1.1.0.tgz",
          "integrity": "sha1-4b2Cxqq2ztlluXuIsX7T5SjKGMM="
        },
        "json5": {
          "version": "0.5.0",
          "resolved": "http://sinopia/json5/-/json5-0.5.0.tgz",
          "integrity": "sha1-myBxWwJsvjd4/Xae3M2CLYMypbI="
        },
        "lodash": {
          "version": "4.16.2",
          "resolved": "http://sinopia/lodash/-/lodash-4.16.2.tgz",
          "integrity": "sha1-PmJtuCcEimmSgaihJSJjJs/A5lI="
        },
        "minimist": {
          "version": "1.2.0",
          "resolved": "http://sinopia/minimist/-/minimist-1.2.0.tgz",
          "integrity": "sha1-o1AIsg9BOD7sH7kU9M1d95omQoQ="
        },
        "moment": {
          "version": "2.12.0",
          "resolved": "http://sinopia/moment/-/moment-2.12.0.tgz",
          "integrity": "sha1-3CVg0Zg41sBzGxpq+gRnUmTTYNY="
        },
        "validator": {
          "version": "4.6.1",
          "resolved": "http://sinopia/validator/-/validator-4.6.1.tgz",
          "integrity": "sha1-9zTsYNpUkraJvrPEIqigsBPD+YQ="
        },
        "varify": {
          "version": "0.1.1",
          "resolved": "http://sinopia/varify/-/varify-0.1.1.tgz",
          "integrity": "sha1-mIVL9GVDilIHiM/KE24U9REVWx4=",
          "optional": true,
          "requires": {
            "redeyed": "0.4.4",
            "through": "2.3.8"
          },
          "dependencies": {
            "redeyed": {
              "version": "0.4.4",
              "resolved": "http://sinopia/redeyed/-/redeyed-0.4.4.tgz",
              "integrity": "sha1-N+mQpvKyGyoRwuakj9QTVpjLqX8=",
              "optional": true,
              "requires": {
                "esprima": "1.0.4"
              },
              "dependencies": {
                "esprima": {
                  "version": "1.0.4",
                  "resolved": "http://sinopia/esprima/-/esprima-1.0.4.tgz",
                  "integrity": "sha1-n1V+CPw7TSbs6d00+Pv0drYlha0=",
                  "optional": true
                }
              }
            },
            "through": {
              "version": "2.3.8",
              "resolved": "http://sinopia/through/-/through-2.3.8.tgz",
              "integrity": "sha1-DdTJ/6q8NXlgsbckEV1+Doai4fU=",
              "optional": true
            }
          }
        }
      }
    },
    "cookiejar": {
      "version": "2.1.1",
      "resolved": "http://sinopia/cookiejar/-/cookiejar-2.1.1.tgz",
      "integrity": "sha1-Qa1XsbVVlR7BcUEqgZQrHoIA00o="
    },
    "core-js": {
      "version": "1.2.7",
      "resolved": "http://sinopia/core-js/-/core-js-1.2.7.tgz",
      "integrity": "sha1-ZSKUwUZR2yj6k70tX/KYOk8IxjY=",
      "dev": true
    },
    "core-util-is": {
      "version": "1.0.2",
      "resolved": "http://sinopia/core-util-is/-/core-util-is-1.0.2.tgz",
      "integrity": "sha1-tf1UIgqivFq1eqtxQMlAdUUDwac="
    },
    "create-react-class": {
      "version": "15.6.3",
      "resolved": "http://sinopia/create-react-class/-/create-react-class-15.6.3.tgz",
      "integrity": "sha512-M+/3Q6E6DLO6Yx3OwrWjwHBnvfXXYA7W+dFjt/ZDBemHO1DDZhsalX/NUtnTYclN6GfnBDRh4qRHjcDHmlJBJg==",
      "dev": true,
      "requires": {
        "fbjs": "0.8.16",
        "loose-envify": "1.3.1",
        "object-assign": "4.1.1"
      }
    },
    "css-color-keywords": {
      "version": "1.0.0",
      "resolved": "http://sinopia/css-color-keywords/-/css-color-keywords-1.0.0.tgz",
      "integrity": "sha1-/qJhbcZ2spYmhrOvjb2+GAskTgU=",
      "dev": true
    },
    "css-to-react-native": {
      "version": "2.1.2",
      "resolved": "http://sinopia/css-to-react-native/-/css-to-react-native-2.1.2.tgz",
      "integrity": "sha512-akxvxNPNm+Qb7kGswgWhD8rLENM8857NVIn1lX0Dr9BQuju8vx6ypet7KvwvqBC01FUEne5V/jvt7FJXWJPtgw==",
      "dev": true,
      "requires": {
        "css-color-keywords": "1.0.0",
        "fbjs": "0.8.16",
        "postcss-value-parser": "3.3.0"
      }
    },
    "debug": {
      "version": "3.1.0",
      "resolved": "http://sinopia/debug/-/debug-3.1.0.tgz",
      "integrity": "sha512-OX8XqP7/1a9cqkxYw2yXss15f26NKWBpDXQd0/uK/KPqdQhxbPa994hnzjcE2VqQpDslf55723cKPUOGSmMY3g==",
      "requires": {
        "ms": "2.0.0"
      }
    },
    "delayed-stream": {
      "version": "1.0.0",
      "resolved": "http://sinopia/delayed-stream/-/delayed-stream-1.0.0.tgz",
      "integrity": "sha1-3zrhmayt+31ECqrgsp4icrJOxhk="
    },
    "encoding": {
      "version": "0.1.12",
      "resolved": "http://sinopia/encoding/-/encoding-0.1.12.tgz",
      "integrity": "sha1-U4tm8+5izRq1HsMjgp0flIDHS+s=",
      "dev": true,
      "requires": {
        "iconv-lite": "0.4.21"
      }
    },
    "engine.io-client": {
      "version": "3.2.1",
      "resolved": "http://sinopia/engine.io-client/-/engine.io-client-3.2.1.tgz",
      "integrity": "sha512-y5AbkytWeM4jQr7m/koQLc5AxpRKC1hEVUb/s1FUAWEJq5AzJJ4NLvzuKPuxtDi5Mq755WuDvZ6Iv2rXj4PTzw==",
      "dev": true,
      "requires": {
        "component-emitter": "1.2.1",
        "component-inherit": "0.0.3",
        "debug": "3.1.0",
        "engine.io-parser": "2.1.2",
        "has-cors": "1.1.0",
        "indexof": "0.0.1",
        "parseqs": "0.0.5",
        "parseuri": "0.0.5",
        "ws": "3.3.3",
        "xmlhttprequest-ssl": "1.5.5",
        "yeast": "0.1.2"
      }
    },
    "engine.io-parser": {
      "version": "2.1.2",
      "resolved": "http://sinopia/engine.io-parser/-/engine.io-parser-2.1.2.tgz",
      "integrity": "sha512-dInLFzr80RijZ1rGpx1+56/uFoH7/7InhH3kZt+Ms6hT8tNx3NGW/WNSA/f8As1WkOfkuyb3tnRyuXGxusclMw==",
      "dev": true,
      "requires": {
        "after": "0.8.2",
        "arraybuffer.slice": "0.0.7",
        "base64-arraybuffer": "0.1.5",
        "blob": "0.0.4",
        "has-binary2": "1.0.2"
      }
    },
    "escape-string-regexp": {
      "version": "1.0.5",
      "resolved": "http://sinopia/escape-string-regexp/-/escape-string-regexp-1.0.5.tgz",
      "integrity": "sha1-G2HAViGQqN/2rjuyzwIAyhMLhtQ="
    },
    "extend": {
      "version": "3.0.1",
      "resolved": "http://sinopia/extend/-/extend-3.0.1.tgz",
      "integrity": "sha1-p1Xqe8Gt/MWjHOfnYtuq3F5jZEQ="
    },
    "fbjs": {
      "version": "0.8.16",
      "resolved": "http://sinopia/fbjs/-/fbjs-0.8.16.tgz",
      "integrity": "sha1-XmdDL1UNxBtXK/VYR7ispk5TN9s=",
      "dev": true,
      "requires": {
        "core-js": "1.2.7",
        "isomorphic-fetch": "2.2.1",
        "loose-envify": "1.3.1",
        "object-assign": "4.1.1",
        "promise": "7.3.1",
        "setimmediate": "1.0.5",
        "ua-parser-js": "0.7.17"
      }
    },
    "form-data": {
      "version": "2.3.2",
      "resolved": "http://sinopia/form-data/-/form-data-2.3.2.tgz",
      "integrity": "sha1-SXBJi+YEwgwAXU9cI67NIda0kJk=",
      "requires": {
        "asynckit": "0.4.0",
        "combined-stream": "1.0.6",
        "mime-types": "2.1.18"
      }
    },
    "formidable": {
      "version": "1.2.1",
      "resolved": "http://sinopia/formidable/-/formidable-1.2.1.tgz",
      "integrity": "sha512-Fs9VRguL0gqGHkXS5GQiMCr1VhZBxz0JnJs4JmMp/2jL18Fmbzvv7vOFRU+U8TBkHEE/CX1qDXzJplVULgsLeg=="
    },
    "has-ansi": {
      "version": "0.1.0",
      "resolved": "http://sinopia/has-ansi/-/has-ansi-0.1.0.tgz",
      "integrity": "sha1-hPJlqujA5qiKEtcCKJS3VoiUxi4=",
      "requires": {
        "ansi-regex": "0.2.1"
      }
    },
    "has-binary2": {
      "version": "1.0.2",
      "resolved": "http://sinopia/has-binary2/-/has-binary2-1.0.2.tgz",
      "integrity": "sha1-6D26SfC5vk0CbSc2U1DZ8D9Uvpg=",
      "dev": true,
      "requires": {
        "isarray": "2.0.1"
      },
      "dependencies": {
        "isarray": {
          "version": "2.0.1",
          "resolved": "http://sinopia/isarray/-/isarray-2.0.1.tgz",
          "integrity": "sha1-o32U7ZzaLVmGXJ92/llu4fM4dB4=",
          "dev": true
        }
      }
    },
    "has-cors": {
      "version": "1.1.0",
      "resolved": "http://sinopia/has-cors/-/has-cors-1.1.0.tgz",
      "integrity": "sha1-XkdHk/fqmEPRu5nCPu9J/xJv/zk=",
      "dev": true
    },
    "has-flag": {
      "version": "1.0.0",
      "resolved": "http://sinopia/has-flag/-/has-flag-1.0.0.tgz",
      "integrity": "sha1-nZ55MWXOAXoA8AQYxD+UKnsdEfo=",
      "dev": true
    },
    "hoist-non-react-statics": {
      "version": "2.5.0",
      "resolved": "http://sinopia/hoist-non-react-statics/-/hoist-non-react-statics-2.5.0.tgz",
      "integrity": "sha512-6Bl6XsDT1ntE0lHbIhr4Kp2PGcleGZ66qu5Jqk8lc0Xc/IeG6gVLmwUGs/K0Us+L8VWoKgj0uWdPMataOsm31w==",
      "dev": true
    },
    "iconv-lite": {
      "version": "0.4.21",
      "resolved": "http://sinopia/iconv-lite/-/iconv-lite-0.4.21.tgz",
      "integrity": "sha512-En5V9za5mBt2oUA03WGD3TwDv0MKAruqsuxstbMUZaj9W9k/m1CV/9py3l0L5kw9Bln8fdHQmzHSYtvpvTLpKw==",
      "dev": true,
      "requires": {
        "safer-buffer": "2.1.2"
      }
    },
    "ieee754": {
      "version": "1.1.11",
      "resolved": "http://sinopia/ieee754/-/ieee754-1.1.11.tgz",
      "integrity": "sha512-VhDzCKN7K8ufStx/CLj5/PDTMgph+qwN5Pkd5i0sGnVwk56zJ0lkT8Qzi1xqWLS0Wp29DgDtNeS7v8/wMoZeHg==",
      "dev": true
    },
    "immutable": {
      "version": "3.8.2",
      "resolved": "http://sinopia/immutable/-/immutable-3.8.2.tgz",
      "integrity": "sha1-wkOZUUVbs5kT2vKBN28VMOEErfM=",
      "dev": true
    },
    "indexof": {
      "version": "0.0.1",
      "resolved": "http://sinopia/indexof/-/indexof-0.0.1.tgz",
      "integrity": "sha1-gtwzbSMrkGIXnQWrMpOmYFn9Q10=",
      "dev": true
    },
    "inherits": {
      "version": "2.0.3",
      "resolved": "http://sinopia/inherits/-/inherits-2.0.3.tgz",
      "integrity": "sha1-Yzwsg+PaQqUC9SRmAiSA9CCCYd4="
    },
    "invariant": {
      "version": "2.2.4",
      "resolved": "http://sinopia/invariant/-/invariant-2.2.4.tgz",
      "integrity": "sha512-phJfQVBuaJM5raOpJjSfkiD6BpbCE4Ns//LaXl6wGYtUBY83nWS6Rf9tXm2e8VaK60JEjYldbPif/A2B1C2gNA==",
      "dev": true,
      "requires": {
        "loose-envify": "1.3.1"
      }
    },
    "is-plain-object": {
      "version": "2.0.4",
      "resolved": "http://sinopia/is-plain-object/-/is-plain-object-2.0.4.tgz",
      "integrity": "sha512-h5PpgXkWitc38BBMYawTYMWJHFZJVnBquFE57xFpjB8pJFiF6gZ+bU+WyI/yqXiFR5mdLsgYNaPe8uao6Uv9Og==",
      "dev": true,
      "requires": {
        "isobject": "3.0.1"
      }
    },
    "is-stream": {
      "version": "1.1.0",
      "resolved": "http://sinopia/is-stream/-/is-stream-1.1.0.tgz",
      "integrity": "sha1-EtSj3U5o4Lec6428hBc66A2RykQ=",
      "dev": true
    },
    "isarray": {
      "version": "1.0.0",
      "resolved": "http://sinopia/isarray/-/isarray-1.0.0.tgz",
      "integrity": "sha1-u5NdSFgsuhaMBoNJV6VKPgcSTxE="
    },
    "isobject": {
      "version": "3.0.1",
      "resolved": "http://sinopia/isobject/-/isobject-3.0.1.tgz",
      "integrity": "sha1-TkMekrEalzFjaqH5yNHMvP2reN8=",
      "dev": true
    },
    "isomorphic-fetch": {
      "version": "2.2.1",
      "resolved": "http://sinopia/isomorphic-fetch/-/isomorphic-fetch-2.2.1.tgz",
      "integrity": "sha1-YRrhrPFPXoH3KVB0coGf6XM1WKk=",
      "dev": true,
      "requires": {
        "node-fetch": "1.7.3",
        "whatwg-fetch": "2.0.4"
      }
    },
    "js-tokens": {
      "version": "3.0.2",
      "resolved": "http://sinopia/js-tokens/-/js-tokens-3.0.2.tgz",
      "integrity": "sha1-mGbfOVECEw449/mWvOtlRDIJwls=",
      "dev": true
    },
    "lodash": {
      "version": "4.17.5",
      "resolved": "http://sinopia/lodash/-/lodash-4.17.5.tgz",
      "integrity": "sha512-svL3uiZf1RwhH+cWrfZn3A4+U58wbP0tGVTLQPbjplZxZ8ROD9VLuNgsRniTlLe7OlSqR79RUehXgpBW/s0IQw=="
    },
    "lodash-es": {
      "version": "4.17.8",
      "resolved": "http://sinopia/lodash-es/-/lodash-es-4.17.8.tgz",
      "integrity": "sha512-I9mjAxengFAleSThFhhAhvba6fsO0hunb9/0sQ6qQihSZsJRBofv2rYH58WXaOb/O++eUmYpCLywSQ22GfU+sA==",
      "dev": true
    },
    "loose-envify": {
      "version": "1.3.1",
      "resolved": "http://sinopia/loose-envify/-/loose-envify-1.3.1.tgz",
      "integrity": "sha1-0aitM/qc4OcT1l/dCsi3SNR4yEg=",
      "dev": true,
      "requires": {
        "js-tokens": "3.0.2"
      }
    },
    "lru-cache": {
      "version": "4.0.0",
      "resolved": "http://sinopia/lru-cache/-/lru-cache-4.0.0.tgz",
      "integrity": "sha1-tcvwFVbBaWb+vlTO7A+03JDfbCg=",
      "requires": {
        "pseudomap": "1.0.2",
        "yallist": "2.1.2"
      }
    },
    "methods": {
      "version": "1.1.2",
      "resolved": "http://sinopia/methods/-/methods-1.1.2.tgz",
      "integrity": "sha1-VSmk1nZUE07cxSZmVoNbD4Ua/O4="
    },
    "mime": {
      "version": "1.6.0",
      "resolved": "http://sinopia/mime/-/mime-1.6.0.tgz",
      "integrity": "sha512-x0Vn8spI+wuJ1O6S7gnbaQg8Pxh4NNHb7KSINmEWKiPE4RKOplvijn+NkmYmmRgP68mc70j2EbeTFRsrswaQeg=="
    },
    "mime-db": {
      "version": "1.33.0",
      "resolved": "http://sinopia/mime-db/-/mime-db-1.33.0.tgz",
      "integrity": "sha512-BHJ/EKruNIqJf/QahvxwQZXKygOQ256myeN/Ew+THcAa5q+PjyTTMMeNQC4DZw5AwfvelsUrA6B67NKMqXDbzQ=="
    },
    "mime-types": {
      "version": "2.1.18",
      "resolved": "http://sinopia/mime-types/-/mime-types-2.1.18.tgz",
      "integrity": "sha512-lc/aahn+t4/SWV/qcmumYjymLsWfN3ELhpmVuUFjgsORruuZPVSwAQryq+HHGvO/SI2KVX26bx+En+zhM8g8hQ==",
      "requires": {
        "mime-db": "1.33.0"
      }
    },
    "ms": {
      "version": "2.0.0",
      "resolved": "http://sinopia/ms/-/ms-2.0.0.tgz",
      "integrity": "sha1-VgiurfwAvmwpAd9fmGF4jeDVl8g="
    },
    "node-fetch": {
      "version": "1.7.3",
      "resolved": "http://sinopia/node-fetch/-/node-fetch-1.7.3.tgz",
      "integrity": "sha512-NhZ4CsKx7cYm2vSrBAr2PvFOe6sWDf0UYLRqA6svUYg7+/TSfVAu49jYC4BvQ4Sms9SZgdqGBgroqfDhJdTyKQ==",
      "dev": true,
      "requires": {
        "encoding": "0.1.12",
        "is-stream": "1.1.0"
      }
    },
    "object-assign": {
      "version": "4.1.1",
      "resolved": "http://sinopia/object-assign/-/object-assign-4.1.1.tgz",
      "integrity": "sha1-IQmtx5ZYh8/AXLvUQsrIv7s2CGM=",
      "dev": true
    },
    "object-component": {
      "version": "0.0.3",
      "resolved": "http://sinopia/object-component/-/object-component-0.0.3.tgz",
      "integrity": "sha1-8MaapQ78lbhmwYb0AKM3acsvEpE=",
      "dev": true
    },
    "parseqs": {
      "version": "0.0.5",
      "resolved": "http://sinopia/parseqs/-/parseqs-0.0.5.tgz",
      "integrity": "sha1-1SCKNzjkZ2bikbouoXNoSSGouJ0=",
      "dev": true,
      "requires": {
        "better-assert": "1.0.2"
      }
    },
    "parseuri": {
      "version": "0.0.5",
      "resolved": "http://sinopia/parseuri/-/parseuri-0.0.5.tgz",
      "integrity": "sha1-gCBKUNTbt3m/3G6+J3jZDkvOMgo=",
      "dev": true,
      "requires": {
        "better-assert": "1.0.2"
      }
    },
    "performance-now": {
      "version": "0.2.0",
      "resolved": "http://sinopia/performance-now/-/performance-now-0.2.0.tgz",
      "integrity": "sha1-M+8wxcd9TqIcWlOGnZG1bY8lVeU=",
      "dev": true
    },
    "postcss-value-parser": {
      "version": "3.3.0",
      "resolved": "http://sinopia/postcss-value-parser/-/postcss-value-parser-3.3.0.tgz",
      "integrity": "sha1-h/OPnxj3dKSrTIojL1xc6IcqnRU=",
      "dev": true
    },
    "process-nextick-args": {
      "version": "2.0.0",
      "resolved": "http://sinopia/process-nextick-args/-/process-nextick-args-2.0.0.tgz",
      "integrity": "sha512-MtEC1TqN0EU5nephaJ4rAtThHtC86dNN9qCuEhtshvpVBkAW5ZO7BASN9REnF9eoXGcRub+pFuKEpOHE+HbEMw=="
    },
    "promise": {
      "version": "7.3.1",
      "resolved": "http://sinopia/promise/-/promise-7.3.1.tgz",
      "integrity": "sha512-nolQXZ/4L+bP/UGlkfaIujX9BKxGwmQ9OT4mOt5yvy8iK1h3wqTEJCijzGANTCCl9nWjY41juyAn2K3Q1hLLTg==",
      "dev": true,
      "requires": {
        "asap": "2.0.6"
      }
    },
    "prop-types": {
      "version": "15.6.1",
      "resolved": "http://sinopia/prop-types/-/prop-types-15.6.1.tgz",
      "integrity": "sha512-4ec7bY1Y66LymSUOH/zARVYObB23AT2h8cf6e/O6ZALB/N0sqZFEx7rq6EYPX2MkOdKORuooI/H5k9TlR4q7kQ==",
      "dev": true,
      "requires": {
        "fbjs": "0.8.16",
        "loose-envify": "1.3.1",
        "object-assign": "4.1.1"
      }
    },
    "pseudomap": {
      "version": "1.0.2",
      "resolved": "http://sinopia/pseudomap/-/pseudomap-1.0.2.tgz",
      "integrity": "sha1-8FKijacOYYkX7wqKw0wa5aaChrM="
    },
    "qs": {
      "version": "6.5.1",
      "resolved": "http://sinopia/qs/-/qs-6.5.1.tgz",
      "integrity": "sha512-eRzhrN1WSINYCDCbrz796z37LOe3m5tmW7RQf6oBntukAG1nmovJvhnwHHRMAfeoItc1m2Hk02WER2aQ/iqs+A=="
    },
    "raf": {
      "version": "3.4.0",
      "resolved": "http://sinopia/raf/-/raf-3.4.0.tgz",
      "integrity": "sha512-pDP/NMRAXoTfrhCfyfSEwJAKLaxBU9eApMeBPB1TkDouZmvPerIClV8lTAd+uF8ZiTaVl69e1FCxQrAd/VTjGw==",
      "dev": true,
      "requires": {
        "performance-now": "2.1.0"
      },
      "dependencies": {
        "performance-now": {
          "version": "2.1.0",
          "resolved": "http://sinopia/performance-now/-/performance-now-2.1.0.tgz",
          "integrity": "sha1-Ywn04OX6kT7BxpMHrjZLSzd8nns=",
          "dev": true
        }
      }
    },
    "react": {
      "version": "15.6.2",
      "resolved": "http://sinopia/react/-/react-15.6.2.tgz",
      "integrity": "sha1-26BDSrQ5z+gvEI8PURZjkIF5qnI=",
      "dev": true,
      "requires": {
        "create-react-class": "15.6.3",
        "fbjs": "0.8.16",
        "loose-envify": "1.3.1",
        "object-assign": "4.1.1",
        "prop-types": "15.6.1"
      }
    },
    "react-dom": {
      "version": "15.6.2",
      "resolved": "http://sinopia/react-dom/-/react-dom-15.6.2.tgz",
      "integrity": "sha1-Qc+t9pO3V/rycIRDodH9WgK+9zA=",
      "dev": true,
      "requires": {
        "fbjs": "0.8.16",
        "loose-envify": "1.3.1",
        "object-assign": "4.1.1",
        "prop-types": "15.6.1"
      }
    },
    "react-icon-base": {
      "version": "2.1.0",
      "resolved": "http://sinopia/react-icon-base/-/react-icon-base-2.1.0.tgz",
      "integrity": "sha1-oZbjP98eeqof2jrvu2i9rZ6Cp50="
    },
    "react-icons": {
      "version": "2.2.7",
      "resolved": "http://sinopia/react-icons/-/react-icons-2.2.7.tgz",
      "integrity": "sha512-0n4lcGqzJFcIQLoQytLdJCE0DKSA9dkwEZRYoGrIDJZFvIT6Hbajx5mv9geqhqFiNjUgtxg8kPyDfjlhymbGFg==",
      "requires": {
        "react-icon-base": "2.1.0"
      }
    },
    "react-motion": {
      "version": "0.5.2",
      "resolved": "http://sinopia/react-motion/-/react-motion-0.5.2.tgz",
      "integrity": "sha512-9q3YAvHoUiWlP3cK0v+w1N5Z23HXMj4IF4YuvjvWegWqNPfLXsOBE/V7UvQGpXxHFKRQQcNcVQE31g9SB/6qgQ==",
      "dev": true,
      "requires": {
        "performance-now": "0.2.0",
        "prop-types": "15.6.1",
        "raf": "3.4.0"
      }
    },
    "react-redux": {
      "version": "5.0.7",
      "resolved": "http://sinopia/react-redux/-/react-redux-5.0.7.tgz",
      "integrity": "sha512-5VI8EV5hdgNgyjfmWzBbdrqUkrVRKlyTKk1sGH3jzM2M2Mhj/seQgPXaz6gVAj2lz/nz688AdTqMO18Lr24Zhg==",
      "dev": true,
      "requires": {
        "hoist-non-react-statics": "2.5.0",
        "invariant": "2.2.4",
        "lodash": "4.17.5",
        "lodash-es": "4.17.8",
        "loose-envify": "1.3.1",
        "prop-types": "15.6.1"
      }
    },
    "react-svg-buttons": {
      "version": "0.4.0",
      "resolved": "http://sinopia/react-svg-buttons/-/react-svg-buttons-0.4.0.tgz",
      "integrity": "sha1-GZUM8IWNAe8zLewT7Sp5b3EO7dM=",
      "dev": true,
      "requires": {
        "prop-types": "15.6.1",
        "react-motion": "0.5.2"
      }
    },
    "readable-stream": {
      "version": "2.3.6",
      "resolved": "http://sinopia/readable-stream/-/readable-stream-2.3.6.tgz",
      "integrity": "sha512-tQtKA9WIAhBF3+VLAseyMqZeBjW0AHJoxOtYqSUZNJxauErmLbVm2FW1y+J/YA9dUrAC39ITejlZWhVIwawkKw==",
      "requires": {
        "core-util-is": "1.0.2",
        "inherits": "2.0.3",
        "isarray": "1.0.0",
        "process-nextick-args": "2.0.0",
        "safe-buffer": "5.1.1",
        "string_decoder": "1.1.1",
        "util-deprecate": "1.0.2"
      }
    },
    "redux": {
      "version": "3.7.2",
      "resolved": "http://sinopia/redux/-/redux-3.7.2.tgz",
      "integrity": "sha512-pNqnf9q1hI5HHZRBkj3bAngGZW/JMCmexDlOxw4XagXY2o1327nHH54LoTjiPJ0gizoqPDRqWyX/00g0hD6w+A==",
      "dev": true,
      "requires": {
        "lodash": "4.17.5",
        "lodash-es": "4.17.8",
        "loose-envify": "1.3.1",
        "symbol-observable": "1.2.0"
      }
    },
    "redux-thunk": {
      "version": "2.2.0",
      "resolved": "http://sinopia/redux-thunk/-/redux-thunk-2.2.0.tgz",
      "integrity": "sha1-5hWhbha0ehmlFXZhM9Hj6Zt4UuU=",
      "dev": true
    },
    "safe-buffer": {
      "version": "5.1.1",
      "resolved": "http://sinopia/safe-buffer/-/safe-buffer-5.1.1.tgz",
      "integrity": "sha512-kKvNJn6Mm93gAczWVJg7wH+wGYWNrDHdWvpUmHyEsgCtIwwo3bqPtV4tR5tuPaUhTOo/kvhVwd8XwwOllGYkbg=="
    },
    "safer-buffer": {
      "version": "2.1.2",
      "resolved": "http://sinopia/safer-buffer/-/safer-buffer-2.1.2.tgz",
      "integrity": "sha512-YZo3K82SD7Riyi0E1EQPojLz7kpepnSQI9IyPbHHg1XXXevb5dJI7tpyN2ADxGcQbHG7vcyRHk0cbwqcQriUtg==",
      "dev": true
    },
    "setimmediate": {
      "version": "1.0.5",
      "resolved": "http://sinopia/setimmediate/-/setimmediate-1.0.5.tgz",
      "integrity": "sha1-KQy7Iy4waULX1+qbg3Mqt4VvgoU=",
      "dev": true
    },
    "socket.io-client": {
      "version": "2.1.0",
      "resolved": "http://sinopia/socket.io-client/-/socket.io-client-2.1.0.tgz",
      "integrity": "sha512-TvKPpL0cBON5LduQfR8Rxrr+ktj70bLXGvqHCL3er5avBXruB3gpnbaud5ikFYVfANH1gCABAvo0qN8Axpg2ew==",
      "dev": true,
      "requires": {
        "backo2": "1.0.2",
        "base64-arraybuffer": "0.1.5",
        "component-bind": "1.0.0",
        "component-emitter": "1.2.1",
        "debug": "3.1.0",
        "engine.io-client": "3.2.1",
        "has-binary2": "1.0.2",
        "has-cors": "1.1.0",
        "indexof": "0.0.1",
        "object-component": "0.0.3",
        "parseqs": "0.0.5",
        "parseuri": "0.0.5",
        "socket.io-parser": "3.2.0",
        "to-array": "0.1.4"
      }
    },
    "socket.io-parser": {
      "version": "3.2.0",
      "resolved": "http://sinopia/socket.io-parser/-/socket.io-parser-3.2.0.tgz",
      "integrity": "sha512-FYiBx7rc/KORMJlgsXysflWx/RIvtqZbyGLlHZvjfmPTPeuD/I8MaW7cfFrj5tRltICJdgwflhfZ3NVVbVLFQA==",
      "dev": true,
      "requires": {
        "component-emitter": "1.2.1",
        "debug": "3.1.0",
        "isarray": "2.0.1"
      },
      "dependencies": {
        "isarray": {
          "version": "2.0.1",
          "resolved": "http://sinopia/isarray/-/isarray-2.0.1.tgz",
          "integrity": "sha1-o32U7ZzaLVmGXJ92/llu4fM4dB4=",
          "dev": true
        }
      }
    },
    "string_decoder": {
      "version": "1.1.1",
      "resolved": "http://sinopia/string_decoder/-/string_decoder-1.1.1.tgz",
      "integrity": "sha512-n/ShnvDi6FHbbVfviro+WojiFzv+s8MPMHBczVePfUpDJLwoLT0ht1l4YwBCbi8pJAveEEdnkHyPyTP/mzRfwg==",
      "requires": {
        "safe-buffer": "5.1.1"
      }
    },
    "strip-ansi": {
      "version": "0.3.0",
      "resolved": "http://sinopia/strip-ansi/-/strip-ansi-0.3.0.tgz",
      "integrity": "sha1-JfSOoiynkYfzF0pNuHWTR7sSYiA=",
      "requires": {
        "ansi-regex": "0.2.1"
      }
    },
    "styled-components": {
      "version": "2.4.0",
      "resolved": "http://sinopia/styled-components/-/styled-components-2.4.0.tgz",
      "integrity": "sha512-bLW0/lQxTgJ0y+TEllctly+/B0Hz2N82e5AhubP+FIVPSisyOzyFnZzWdqRml7RDwRCsT+EGNN8YYa0VFutT+w==",
      "dev": true,
      "requires": {
        "buffer": "5.1.0",
        "css-to-react-native": "2.1.2",
        "fbjs": "0.8.16",
        "hoist-non-react-statics": "1.2.0",
        "is-plain-object": "2.0.4",
        "prop-types": "15.6.1",
        "stylis": "3.5.0",
        "supports-color": "3.2.3"
      },
      "dependencies": {
        "hoist-non-react-statics": {
          "version": "1.2.0",
          "resolved": "http://sinopia/hoist-non-react-statics/-/hoist-non-react-statics-1.2.0.tgz",
          "integrity": "sha1-qkSM8JhtVcxAdzsXF0t90GbLfPs=",
          "dev": true
        },
        "supports-color": {
          "version": "3.2.3",
          "resolved": "http://sinopia/supports-color/-/supports-color-3.2.3.tgz",
          "integrity": "sha1-ZawFBLOVQXHYpklGsq48u4pfVPY=",
          "dev": true,
          "requires": {
            "has-flag": "1.0.0"
          }
        }
      }
    },
    "stylis": {
      "version": "3.5.0",
      "resolved": "http://sinopia/stylis/-/stylis-3.5.0.tgz",
      "integrity": "sha512-pP7yXN6dwMzAR29Q0mBrabPCe0/mNO1MSr93bhay+hcZondvMMTpeGyd8nbhYJdyperNT2DRxONQuUGcJr5iPw==",
      "dev": true
    },
    "superagent": {
      "version": "3.8.2",
      "resolved": "http://sinopia/superagent/-/superagent-3.8.2.tgz",
      "integrity": "sha512-gVH4QfYHcY3P0f/BZzavLreHW3T1v7hG9B+hpMQotGQqurOvhv87GcMCd6LWySmBuf+BDR44TQd0aISjVHLeNQ==",
      "requires": {
        "component-emitter": "1.2.1",
        "cookiejar": "2.1.1",
        "debug": "3.1.0",
        "extend": "3.0.1",
        "form-data": "2.3.2",
        "formidable": "1.2.1",
        "methods": "1.1.2",
        "mime": "1.6.0",
        "qs": "6.5.1",
        "readable-stream": "2.3.6"
      }
    },
    "superagent-bluebird-promise": {
      "version": "4.2.0",
      "resolved": "http://sinopia/superagent-bluebird-promise/-/superagent-bluebird-promise-4.2.0.tgz",
      "integrity": "sha1-C2pocsyDA3HLn0Fy3QUQdRq9FrI="
    },
    "supports-color": {
      "version": "0.2.0",
      "resolved": "http://sinopia/supports-color/-/supports-color-0.2.0.tgz",
      "integrity": "sha1-2S3iaU6z9nMjlz1649i1W0wiGQo="
    },
    "symbol-observable": {
      "version": "1.2.0",
      "resolved": "http://sinopia/symbol-observable/-/symbol-observable-1.2.0.tgz",
      "integrity": "sha512-e900nM8RRtGhlV36KGEU9k65K3mPb1WV70OdjfxlG2EAuM1noi/E/BaW/uMhL7bPEssK8QV57vN3esixjUvcXQ==",
      "dev": true
    },
    "to-array": {
      "version": "0.1.4",
      "resolved": "http://sinopia/to-array/-/to-array-0.1.4.tgz",
      "integrity": "sha1-F+bBH3PdTz10zaek/zI46a2b+JA=",
      "dev": true
    },
    "ua-parser-js": {
      "version": "0.7.17",
      "resolved": "http://sinopia/ua-parser-js/-/ua-parser-js-0.7.17.tgz",
      "integrity": "sha512-uRdSdu1oA1rncCQL7sCj8vSyZkgtL7faaw9Tc9rZ3mGgraQ7+Pdx7w5mnOSF3gw9ZNG6oc+KXfkon3bKuROm0g==",
      "dev": true
    },
    "ultron": {
      "version": "1.1.1",
      "resolved": "http://sinopia/ultron/-/ultron-1.1.1.tgz",
      "integrity": "sha512-UIEXBNeYmKptWH6z8ZnqTeS8fV74zG0/eRU9VGkpzz+LIJNs8W/zM/L+7ctCkRrgbNnnR0xxw4bKOr0cW0N0Og==",
      "dev": true
    },
    "util-deprecate": {
      "version": "1.0.2",
      "resolved": "http://sinopia/util-deprecate/-/util-deprecate-1.0.2.tgz",
      "integrity": "sha1-RQ1Nyfpw3nMnYvvS1KKJgUGaDM8="
    },
    "whatwg-fetch": {
      "version": "2.0.4",
      "resolved": "http://sinopia/whatwg-fetch/-/whatwg-fetch-2.0.4.tgz",
      "integrity": "sha512-dcQ1GWpOD/eEQ97k66aiEVpNnapVj90/+R+SXTPYGHpYBBypfKJEQjLrvMZ7YXbKm21gXd4NcuxUTjiv1YtLng==",
      "dev": true
    },
    "ws": {
      "version": "3.3.3",
      "resolved": "http://sinopia/ws/-/ws-3.3.3.tgz",
      "integrity": "sha512-nnWLa/NwZSt4KQJu51MYlCcSQ5g7INpOrOMt4XV8j4dqTXdmlUmSHQ8/oLC069ckre0fRsgfvsKwbTdtKLCDkA==",
      "dev": true,
      "requires": {
        "async-limiter": "1.0.0",
        "safe-buffer": "5.1.1",
        "ultron": "1.1.1"
      }
    },
    "xmlhttprequest-ssl": {
      "version": "1.5.5",
      "resolved": "http://sinopia/xmlhttprequest-ssl/-/xmlhttprequest-ssl-1.5.5.tgz",
      "integrity": "sha1-wodrBhaKrcQOV9l+gRkayPQ5iz4=",
      "dev": true
    },
    "yallist": {
      "version": "2.1.2",
      "resolved": "http://sinopia/yallist/-/yallist-2.1.2.tgz",
      "integrity": "sha1-HBH5IY8HYImkfdUS+TxmmaaoHVI="
    },
    "yeast": {
      "version": "0.1.2",
      "resolved": "http://sinopia/yeast/-/yeast-0.1.2.tgz",
      "integrity": "sha1-AI4G2AlDIMNy28L47XagymyKxBk=",
      "dev": true
    }
  }
}
